// !$*UTF8*$!
{
	archiveVersion = 1;
	classes = {
	};
	objectVersion = 77;
	objects = {

/* Begin PBXBuildFile section */
		1C8AF7221BA331EFBC3EC823 /* Assets.xcassets in Resources */ = {isa = PBXBuildFile; fileRef = 0CA1DBDA76BC2D1EE1A95D7B /* Assets.xcassets */; };
		2EF8FD358B18BAD74FA20D79 /* SuqiTabBar.swift in Sources */ = {isa = PBXBuildFile; fileRef = 94D47163E2A4557F72008034 /* SuqiTabBar.swift */; };
		4BBB4F3672C2980AC2C1E57A /* WindowDragArea.swift in Sources */ = {isa = PBXBuildFile; fileRef = 5F026B6776BE8F54802752AE /* WindowDragArea.swift */; };
		52186170DF7FEFF7A9767E8C /* PinButtonView.swift in Sources */ = {isa = PBXBuildFile; fileRef = 3BBFDDE6D003EE61561CC9CC /* PinButtonView.swift */; };
		54D41B9923E4C9190A77683E /* SafePasteModalView.swift in Sources */ = {isa = PBXBuildFile; fileRef = A3B3F534C853061A2B19F24B /* SafePasteModalView.swift */; };
		59D5983A11723D5CC511E2D1 /* AppTerminalView+Drag.swift in Sources */ = {isa = PBXBuildFile; fileRef = 048A109933C9821E6CCDC775 /* AppTerminalView+Drag.swift */; };
		600281785E0BB9B05B2B33CB /* ContentView.swift in Sources */ = {isa = PBXBuildFile; fileRef = 4878471FB485E2C59461BA84 /* ContentView.swift */; };
		623DD342294CA4174D623900 /* GhosttyTheme in Frameworks */ = {isa = PBXBuildFile; productRef = D0A104A00C20DB3A2C495424 /* GhosttyTheme */; };
		667C70ED3BD3D760E769945C /* AppTerminalView+SmoothResize.swift in Sources */ = {isa = PBXBuildFile; fileRef = FEFE82710EA5046473FA1A3B /* AppTerminalView+SmoothResize.swift */; };
		734CC4189FAB9FEE7A96BFD8 /* AppTerminalView+IME.swift in Sources */ = {isa = PBXBuildFile; fileRef = 6710207CA0BD2C3E412175F8 /* AppTerminalView+IME.swift */; };
		74DDB09A0FAC7C1DD4A1C9D9 /* SuqiTheme.swift in Sources */ = {isa = PBXBuildFile; fileRef = 2A55F9B778CFADA8535586F9 /* SuqiTheme.swift */; };
		7FABD35078400B22BF9A0571 /* SuqiApp.swift in Sources */ = {isa = PBXBuildFile; fileRef = C68E7248FBDD6BCF85625B38 /* SuqiApp.swift */; };
		89363B2FE0834ED9D91162BE /* SafePasteGuard.swift in Sources */ = {isa = PBXBuildFile; fileRef = C28B2121765CAE574534042D /* SafePasteGuard.swift */; };
		8DC9CADBC8EA4BDAE2A26212 /* SuqiWindowManager.swift in Sources */ = {isa = PBXBuildFile; fileRef = 685F51842B1DB3E6E992F976 /* SuqiWindowManager.swift */; };
		92D460DF1C9380361DDCD1B9 /* TerminalActionBridge.swift in Sources */ = {isa = PBXBuildFile; fileRef = 430DC079E285DD7A421F88E2 /* TerminalActionBridge.swift */; };
		9B9B42DCF1ADAB43C96DFC7A /* SettingsView.swift in Sources */ = {isa = PBXBuildFile; fileRef = 8100FEA1B96F6EC5FCCBBF21 /* SettingsView.swift */; };
		A25F7F56420450291E05074B /* AppTerminalView+ContextMenu.swift in Sources */ = {isa = PBXBuildFile; fileRef = F23CE583DF84BDD3B6029367 /* AppTerminalView+ContextMenu.swift */; };
		B6F758DCA625FF92CB83A607 /* SuqiWindowModel.swift in Sources */ = {isa = PBXBuildFile; fileRef = EE7F1F265537572EC00C0DF8 /* SuqiWindowModel.swift */; };
		B8F4942D7AD906582FA42B79 /* QuickTerminalController.swift in Sources */ = {isa = PBXBuildFile; fileRef = E9F255C2E4967F7B0D77CE40 /* QuickTerminalController.swift */; };
		C444DC2163132C1A3CDD21C7 /* AppTerminalView+Paste.swift in Sources */ = {isa = PBXBuildFile; fileRef = D6A606433D31CF15D4E3070A /* AppTerminalView+Paste.swift */; };
		D169B7676DA84876637D5D73 /* GhosttyTerminal in Frameworks */ = {isa = PBXBuildFile; productRef = 026D1368FE29CC719D26D23A /* GhosttyTerminal */; };
		DEEC68AE60576CBF07C4C20B /* AppIcon.icns in Resources */ = {isa = PBXBuildFile; fileRef = CF935DA16E3F7B4A1BCADDA8 /* AppIcon.icns */; };
		DF65D175EE3E7DEEC2067078 /* AppDelegate.swift in Sources */ = {isa = PBXBuildFile; fileRef = DBE890933D9DF182030884D9 /* AppDelegate.swift */; };
		EC17C4A245342DEDC51BF192 /* SuqiTerminalSession.swift in Sources */ = {isa = PBXBuildFile; fileRef = BE3117CFA51D306A25BED0B7 /* SuqiTerminalSession.swift */; };
		EFB405AEDA97715249476B41 /* SuqiTerminalView.swift in Sources */ = {isa = PBXBuildFile; fileRef = 38356A190F4A4CB490BCBAF5 /* SuqiTerminalView.swift */; };
		F5BA4C34A9C33DB61CA89B1D /* TerminalWindowController.swift in Sources */ = {isa = PBXBuildFile; fileRef = D65A5DFF5600AB429AE361CE /* TerminalWindowController.swift */; };
		F8FC4A12294573CE3519CE04 /* SuqiConfigLoader.swift in Sources */ = {isa = PBXBuildFile; fileRef = 084F40526BF7536BD5AE59F4 /* SuqiConfigLoader.swift */; };
/* End PBXBuildFile section */

/* Begin PBXFileReference section */
		0119385D9912FA0CB136D963 /* Info.plist */ = {isa = PBXFileReference; lastKnownFileType = text.plist; path = Info.plist; sourceTree = "<group>"; };
		048A109933C9821E6CCDC775 /* AppTerminalView+Drag.swift */ = {isa = PBXFileReference; lastKnownFileType = sourcecode.swift; path = "AppTerminalView+Drag.swift"; sourceTree = "<group>"; };
		084F40526BF7536BD5AE59F4 /* SuqiConfigLoader.swift */ = {isa = PBXFileReference; lastKnownFileType = sourcecode.swift; path = SuqiConfigLoader.swift; sourceTree = "<group>"; };
		0CA1DBDA76BC2D1EE1A95D7B /* Assets.xcassets */ = {isa = PBXFileReference; lastKnownFileType = folder.assetcatalog; path = Assets.xcassets; sourceTree = "<group>"; };
		2A55F9B778CFADA8535586F9 /* SuqiTheme.swift */ = {isa = PBXFileReference; lastKnownFileType = sourcecode.swift; path = SuqiTheme.swift; sourceTree = "<group>"; };
		38356A190F4A4CB490BCBAF5 /* SuqiTerminalView.swift */ = {isa = PBXFileReference; lastKnownFileType = sourcecode.swift; path = SuqiTerminalView.swift; sourceTree = "<group>"; };
		3BBFDDE6D003EE61561CC9CC /* PinButtonView.swift */ = {isa = PBXFileReference; lastKnownFileType = sourcecode.swift; path = PinButtonView.swift; sourceTree = "<group>"; };
		430DC079E285DD7A421F88E2 /* TerminalActionBridge.swift */ = {isa = PBXFileReference; lastKnownFileType = sourcecode.swift; path = TerminalActionBridge.swift; sourceTree = "<group>"; };
		4878471FB485E2C59461BA84 /* ContentView.swift */ = {isa = PBXFileReference; lastKnownFileType = sourcecode.swift; path = ContentView.swift; sourceTree = "<group>"; };
		588B61BA645F396A9D2FF15E /* suqi.entitlements */ = {isa = PBXFileReference; lastKnownFileType = text.plist.entitlements; path = suqi.entitlements; sourceTree = "<group>"; };
		5F026B6776BE8F54802752AE /* WindowDragArea.swift */ = {isa = PBXFileReference; lastKnownFileType = sourcecode.swift; path = WindowDragArea.swift; sourceTree = "<group>"; };
		6710207CA0BD2C3E412175F8 /* AppTerminalView+IME.swift */ = {isa = PBXFileReference; lastKnownFileType = sourcecode.swift; path = "AppTerminalView+IME.swift"; sourceTree = "<group>"; };
		685F51842B1DB3E6E992F976 /* SuqiWindowManager.swift */ = {isa = PBXFileReference; lastKnownFileType = sourcecode.swift; path = SuqiWindowManager.swift; sourceTree = "<group>"; };
		8100FEA1B96F6EC5FCCBBF21 /* SettingsView.swift */ = {isa = PBXFileReference; lastKnownFileType = sourcecode.swift; path = SettingsView.swift; sourceTree = "<group>"; };
		94D47163E2A4557F72008034 /* SuqiTabBar.swift */ = {isa = PBXFileReference; lastKnownFileType = sourcecode.swift; path = SuqiTabBar.swift; sourceTree = "<group>"; };
		A3B3F534C853061A2B19F24B /* SafePasteModalView.swift */ = {isa = PBXFileReference; lastKnownFileType = sourcecode.swift; path = SafePasteModalView.swift; sourceTree = "<group>"; };
		BE3117CFA51D306A25BED0B7 /* SuqiTerminalSession.swift */ = {isa = PBXFileReference; lastKnownFileType = sourcecode.swift; path = SuqiTerminalSession.swift; sourceTree = "<group>"; };
		C28B2121765CAE574534042D /* SafePasteGuard.swift */ = {isa = PBXFileReference; lastKnownFileType = sourcecode.swift; path = SafePasteGuard.swift; sourceTree = "<group>"; };
		C68E7248FBDD6BCF85625B38 /* SuqiApp.swift */ = {isa = PBXFileReference; lastKnownFileType = sourcecode.swift; path = SuqiApp.swift; sourceTree = "<group>"; };
		CF935DA16E3F7B4A1BCADDA8 /* AppIcon.icns */ = {isa = PBXFileReference; lastKnownFileType = image.icns; path = AppIcon.icns; sourceTree = "<group>"; };
		D65A5DFF5600AB429AE361CE /* TerminalWindowController.swift */ = {isa = PBXFileReference; lastKnownFileType = sourcecode.swift; path = TerminalWindowController.swift; sourceTree = "<group>"; };
		D6A606433D31CF15D4E3070A /* AppTerminalView+Paste.swift */ = {isa = PBXFileReference; lastKnownFileType = sourcecode.swift; path = "AppTerminalView+Paste.swift"; sourceTree = "<group>"; };
		DBE890933D9DF182030884D9 /* AppDelegate.swift */ = {isa = PBXFileReference; lastKnownFileType = sourcecode.swift; path = AppDelegate.swift; sourceTree = "<group>"; };
		E9F255C2E4967F7B0D77CE40 /* QuickTerminalController.swift */ = {isa = PBXFileReference; lastKnownFileType = sourcecode.swift; path = QuickTerminalController.swift; sourceTree = "<group>"; };
		EE7F1F265537572EC00C0DF8 /* SuqiWindowModel.swift */ = {isa = PBXFileReference; lastKnownFileType = sourcecode.swift; path = SuqiWindowModel.swift; sourceTree = "<group>"; };
		F23CE583DF84BDD3B6029367 /* AppTerminalView+ContextMenu.swift */ = {isa = PBXFileReference; lastKnownFileType = sourcecode.swift; path = "AppTerminalView+ContextMenu.swift"; sourceTree = "<group>"; };
		F3397A324463EA5C4DC2AACB /* suqi.app */ = {isa = PBXFileReference; explicitFileType = wrapper.application; includeInIndex = 0; path = suqi.app; sourceTree = BUILT_PRODUCTS_DIR; };
		FEFE82710EA5046473FA1A3B /* AppTerminalView+SmoothResize.swift */ = {isa = PBXFileReference; lastKnownFileType = sourcecode.swift; path = "AppTerminalView+SmoothResize.swift"; sourceTree = "<group>"; };
/* End PBXFileReference section */

/* Begin PBXFrameworksBuildPhase section */
		B93B51D1EE453D915AFF281F /* Frameworks */ = {
			isa = PBXFrameworksBuildPhase;
			buildActionMask = 2147483647;
			files = (
				D169B7676DA84876637D5D73 /* GhosttyTerminal in Frameworks */,
				623DD342294CA4174D623900 /* GhosttyTheme in Frameworks */,
			);
			runOnlyForDeploymentPostprocessing = 0;
		};
/* End PBXFrameworksBuildPhase section */

/* Begin PBXGroup section */
		015C5E40BAA039E7B840FF69 /* Resources */ = {
			isa = PBXGroup;
			children = (
				CF935DA16E3F7B4A1BCADDA8 /* AppIcon.icns */,
				0CA1DBDA76BC2D1EE1A95D7B /* Assets.xcassets */,
				0119385D9912FA0CB136D963 /* Info.plist */,
				588B61BA645F396A9D2FF15E /* suqi.entitlements */,
			);
			path = Resources;
			sourceTree = "<group>";
		};
		1B7B38EBDFE453150F38AF00 /* UI */ = {
			isa = PBXGroup;
			children = (
				4878471FB485E2C59461BA84 /* ContentView.swift */,
				3BBFDDE6D003EE61561CC9CC /* PinButtonView.swift */,
				A3B3F534C853061A2B19F24B /* SafePasteModalView.swift */,
				8100FEA1B96F6EC5FCCBBF21 /* SettingsView.swift */,
				94D47163E2A4557F72008034 /* SuqiTabBar.swift */,
				5F026B6776BE8F54802752AE /* WindowDragArea.swift */,
				2D687235DBA6D5A26C8FA599 /* Theme */,
			);
			path = UI;
			sourceTree = "<group>";
		};
		2103D86E00B14A841373F90B /* Core */ = {
			isa = PBXGroup;
			children = (
				084F40526BF7536BD5AE59F4 /* SuqiConfigLoader.swift */,
				685F51842B1DB3E6E992F976 /* SuqiWindowManager.swift */,
			);
			path = Core;
			sourceTree = "<group>";
		};
		2D687235DBA6D5A26C8FA599 /* Theme */ = {
			isa = PBXGroup;
			children = (
				2A55F9B778CFADA8535586F9 /* SuqiTheme.swift */,
			);
			path = Theme;
			sourceTree = "<group>";
		};
		9FCC6DE7E94E1C37E59002D4 /* Products */ = {
			isa = PBXGroup;
			children = (
				F3397A324463EA5C4DC2AACB /* suqi.app */,
			);
			name = Products;
			sourceTree = "<group>";
		};
		BCF31240E97A5B4793BAEE15 = {
			isa = PBXGroup;
			children = (
				FA195066DFAAA1C503149A9C /* suqi */,
				9FCC6DE7E94E1C37E59002D4 /* Products */,
			);
			sourceTree = "<group>";
		};
		BDE9D3342A7C4960117EE440 /* Terminal */ = {
			isa = PBXGroup;
			children = (
				F23CE583DF84BDD3B6029367 /* AppTerminalView+ContextMenu.swift */,
				048A109933C9821E6CCDC775 /* AppTerminalView+Drag.swift */,
				6710207CA0BD2C3E412175F8 /* AppTerminalView+IME.swift */,
				D6A606433D31CF15D4E3070A /* AppTerminalView+Paste.swift */,
				FEFE82710EA5046473FA1A3B /* AppTerminalView+SmoothResize.swift */,
				C28B2121765CAE574534042D /* SafePasteGuard.swift */,
				BE3117CFA51D306A25BED0B7 /* SuqiTerminalSession.swift */,
				38356A190F4A4CB490BCBAF5 /* SuqiTerminalView.swift */,
				EE7F1F265537572EC00C0DF8 /* SuqiWindowModel.swift */,
				430DC079E285DD7A421F88E2 /* TerminalActionBridge.swift */,
			);
			path = Terminal;
			sourceTree = "<group>";
		};
		D0183F7BA6130239612C2CCF /* App */ = {
			isa = PBXGroup;
			children = (
				DBE890933D9DF182030884D9 /* AppDelegate.swift */,
				E9F255C2E4967F7B0D77CE40 /* QuickTerminalController.swift */,
				C68E7248FBDD6BCF85625B38 /* SuqiApp.swift */,
				D65A5DFF5600AB429AE361CE /* TerminalWindowController.swift */,
			);
			path = App;
			sourceTree = "<group>";
		};
		FA195066DFAAA1C503149A9C /* suqi */ = {
			isa = PBXGroup;
			children = (
				D0183F7BA6130239612C2CCF /* App */,
				2103D86E00B14A841373F90B /* Core */,
				015C5E40BAA039E7B840FF69 /* Resources */,
				BDE9D3342A7C4960117EE440 /* Terminal */,
				1B7B38EBDFE453150F38AF00 /* UI */,
			);
			path = suqi;
			sourceTree = "<group>";
		};
/* End PBXGroup section */

/* Begin PBXNativeTarget section */
		2129874DE3FA9B67266DE63C /* suqi */ = {
			isa = PBXNativeTarget;
			buildConfigurationList = 2BCEAC93FE64109ABAE08909 /* Build configuration list for PBXNativeTarget "suqi" */;
			buildPhases = (
				A3A76F96E6FA87CC35275BF9 /* Sources */,
				1D6E59BE55ABBD22DE94BF29 /* Resources */,
				B93B51D1EE453D915AFF281F /* Frameworks */,
			);
			buildRules = (
			);
			dependencies = (
			);
			name = suqi;
			packageProductDependencies = (
				026D1368FE29CC719D26D23A /* GhosttyTerminal */,
				D0A104A00C20DB3A2C495424 /* GhosttyTheme */,
			);
			productName = suqi;
			productReference = F3397A324463EA5C4DC2AACB /* suqi.app */;
			productType = "com.apple.product-type.application";
		};
/* End PBXNativeTarget section */

/* Begin PBXProject section */
		2228333B7664A7A07E8932C7 /* Project object */ = {
			isa = PBXProject;
			attributes = {
				BuildIndependentTargetsInParallel = YES;
				LastUpgradeCheck = 1430;
				TargetAttributes = {
					2129874DE3FA9B67266DE63C = {
						ProvisioningStyle = Manual;
					};
				};
			};
			buildConfigurationList = 3557DED4C56448A9FD7595B8 /* Build configuration list for PBXProject "suqi" */;
			developmentRegion = en;
			hasScannedForEncodings = 0;
			knownRegions = (
				Base,
				en,
			);
			mainGroup = BCF31240E97A5B4793BAEE15;
			minimizedProjectReferenceProxies = 1;
			packageReferences = (
				A7953FB8CD68EF09DF42C307 /* XCRemoteSwiftPackageReference "libghostty-spm" */,
			);
			preferredProjectObjectVersion = 77;
			productRefGroup = 9FCC6DE7E94E1C37E59002D4 /* Products */;
			projectDirPath = "";
			projectRoot = "";
			targets = (
				2129874DE3FA9B67266DE63C /* suqi */,
			);
		};
/* End PBXProject section */

/* Begin PBXResourcesBuildPhase section */
		1D6E59BE55ABBD22DE94BF29 /* Resources */ = {
			isa = PBXResourcesBuildPhase;
			buildActionMask = 2147483647;
			files = (
				DEEC68AE60576CBF07C4C20B /* AppIcon.icns in Resources */,
				1C8AF7221BA331EFBC3EC823 /* Assets.xcassets in Resources */,
			);
			runOnlyForDeploymentPostprocessing = 0;
		};
/* End PBXResourcesBuildPhase section */

/* Begin PBXSourcesBuildPhase section */
		A3A76F96E6FA87CC35275BF9 /* Sources */ = {
			isa = PBXSourcesBuildPhase;
			buildActionMask = 2147483647;
			files = (
				DF65D175EE3E7DEEC2067078 /* AppDelegate.swift in Sources */,
				A25F7F56420450291E05074B /* AppTerminalView+ContextMenu.swift in Sources */,
				59D5983A11723D5CC511E2D1 /* AppTerminalView+Drag.swift in Sources */,
				734CC4189FAB9FEE7A96BFD8 /* AppTerminalView+IME.swift in Sources */,
				C444DC2163132C1A3CDD21C7 /* AppTerminalView+Paste.swift in Sources */,
				667C70ED3BD3D760E769945C /* AppTerminalView+SmoothResize.swift in Sources */,
				600281785E0BB9B05B2B33CB /* ContentView.swift in Sources */,
				52186170DF7FEFF7A9767E8C /* PinButtonView.swift in Sources */,
				B8F4942D7AD906582FA42B79 /* QuickTerminalController.swift in Sources */,
				89363B2FE0834ED9D91162BE /* SafePasteGuard.swift in Sources */,
				54D41B9923E4C9190A77683E /* SafePasteModalView.swift in Sources */,
				9B9B42DCF1ADAB43C96DFC7A /* SettingsView.swift in Sources */,
				7FABD35078400B22BF9A0571 /* SuqiApp.swift in Sources */,
				F8FC4A12294573CE3519CE04 /* SuqiConfigLoader.swift in Sources */,
				2EF8FD358B18BAD74FA20D79 /* SuqiTabBar.swift in Sources */,
				EC17C4A245342DEDC51BF192 /* SuqiTerminalSession.swift in Sources */,
				EFB405AEDA97715249476B41 /* SuqiTerminalView.swift in Sources */,
				74DDB09A0FAC7C1DD4A1C9D9 /* SuqiTheme.swift in Sources */,
				8DC9CADBC8EA4BDAE2A26212 /* SuqiWindowManager.swift in Sources */,
				B6F758DCA625FF92CB83A607 /* SuqiWindowModel.swift in Sources */,
				92D460DF1C9380361DDCD1B9 /* TerminalActionBridge.swift in Sources */,
				F5BA4C34A9C33DB61CA89B1D /* TerminalWindowController.swift in Sources */,
				4BBB4F3672C2980AC2C1E57A /* WindowDragArea.swift in Sources */,
			);
			runOnlyForDeploymentPostprocessing = 0;
		};
/* End PBXSourcesBuildPhase section */

/* Begin XCBuildConfiguration section */
		12740733B1CF85C5D22C699C /* Debug */ = {
			isa = XCBuildConfiguration;
			buildSettings = {
				ASSETCATALOG_COMPILER_APPICON_NAME = AppIcon;
				CODE_SIGN_ENTITLEMENTS = suqi/Resources/suqi.entitlements;
				COMBINE_HIDPI_IMAGES = YES;
				CURRENT_PROJECT_VERSION = 21;
				ENABLE_HARDENED_RUNTIME = NO;
				GENERATE_INFOPLIST_FILE = NO;
				INFOPLIST_FILE = suqi/Resources/Info.plist;
				LD_RUNPATH_SEARCH_PATHS = (
					"$(inherited)",
					"@executable_path/../Frameworks",
				);
				MARKETING_VERSION = 0.0.21;
				PRODUCT_BUNDLE_IDENTIFIER = com.suqi.terminal;
				PRODUCT_NAME = suqi;
				SDKROOT = macosx;
			};
			name = Debug;
		};
		13853E4D660077FB81051492 /* Debug */ = {
			isa = XCBuildConfiguration;
			buildSettings = {
				ALWAYS_SEARCH_USER_PATHS = NO;
				CLANG_ANALYZER_NONNULL = YES;
				CLANG_ANALYZER_NUMBER_OBJECT_CONVERSION = YES_AGGRESSIVE;
				CLANG_CXX_LANGUAGE_STANDARD = "gnu++14";
				CLANG_CXX_LIBRARY = "libc++";
				CLANG_ENABLE_MODULES = YES;
				CLANG_ENABLE_OBJC_ARC = YES;
				CLANG_ENABLE_OBJC_WEAK = YES;
				CLANG_WARN_BLOCK_CAPTURE_AUTORELEASING = YES;
				CLANG_WARN_BOOL_CONVERSION = YES;
				CLANG_WARN_COMMA = YES;
				CLANG_WARN_CONSTANT_CONVERSION = YES;
				CLANG_WARN_DEPRECATED_OBJC_IMPLEMENTATIONS = YES;
				CLANG_WARN_DIRECT_OBJC_ISA_USAGE = YES_ERROR;
				CLANG_WARN_DOCUMENTATION_COMMENTS = YES;
				CLANG_WARN_EMPTY_BODY = YES;
				CLANG_WARN_ENUM_CONVERSION = YES;
				CLANG_WARN_INFINITE_RECURSION = YES;
				CLANG_WARN_INT_CONVERSION = YES;
				CLANG_WARN_NON_LITERAL_NULL_CONVERSION = YES;
				CLANG_WARN_OBJC_IMPLICIT_RETAIN_SELF = YES;
				CLANG_WARN_OBJC_LITERAL_CONVERSION = YES;
				CLANG_WARN_OBJC_ROOT_CLASS = YES_ERROR;
				CLANG_WARN_QUOTED_INCLUDE_IN_FRAMEWORK_HEADER = YES;
				CLANG_WARN_RANGE_LOOP_ANALYSIS = YES;
				CLANG_WARN_STRICT_PROTOTYPES = YES;
				CLANG_WARN_SUSPICIOUS_MOVE = YES;
				CLANG_WARN_UNGUARDED_AVAILABILITY = YES_AGGRESSIVE;
				CLANG_WARN_UNREACHABLE_CODE = YES;
				CLANG_WARN__DUPLICATE_METHOD_MATCH = YES;
				CODE_SIGN_IDENTITY = "-";
				CODE_SIGN_STYLE = Manual;
				COPY_PHASE_STRIP = NO;
				DEBUG_INFORMATION_FORMAT = dwarf;
				ENABLE_STRICT_OBJC_MSGSEND = YES;
				ENABLE_TESTABILITY = YES;
				GCC_C_LANGUAGE_STANDARD = gnu11;
				GCC_DYNAMIC_NO_PIC = NO;
				GCC_NO_COMMON_BLOCKS = YES;
				GCC_OPTIMIZATION_LEVEL = 0;
				GCC_PREPROCESSOR_DEFINITIONS = (
					"$(inherited)",
					"DEBUG=1",
				);
				GCC_WARN_64_TO_32_BIT_CONVERSION = YES;
				GCC_WARN_ABOUT_RETURN_TYPE = YES_ERROR;
				GCC_WARN_UNDECLARED_SELECTOR = YES;
				GCC_WARN_UNINITIALIZED_AUTOS = YES_AGGRESSIVE;
				GCC_WARN_UNUSED_FUNCTION = YES;
				GCC_WARN_UNUSED_VARIABLE = YES;
				MACOSX_DEPLOYMENT_TARGET = 14.0;
				MTL_ENABLE_DEBUG_INFO = INCLUDE_SOURCE;
				MTL_FAST_MATH = YES;
				ONLY_ACTIVE_ARCH = YES;
				PRODUCT_NAME = "$(TARGET_NAME)";
				SDKROOT = macosx;
				SWIFT_ACTIVE_COMPILATION_CONDITIONS = DEBUG;
				SWIFT_OPTIMIZATION_LEVEL = "-Onone";
				SWIFT_VERSION = 5.10;
			};
			name = Debug;
		};
		388EA1DABD72E75B878F7FA7 /* Release */ = {
			isa = XCBuildConfiguration;
			buildSettings = {
				ASSETCATALOG_COMPILER_APPICON_NAME = AppIcon;
				CODE_SIGN_ENTITLEMENTS = suqi/Resources/suqi.entitlements;
				COMBINE_HIDPI_IMAGES = YES;
				CURRENT_PROJECT_VERSION = 21;
				ENABLE_HARDENED_RUNTIME = NO;
				GENERATE_INFOPLIST_FILE = NO;
				INFOPLIST_FILE = suqi/Resources/Info.plist;
				LD_RUNPATH_SEARCH_PATHS = (
					"$(inherited)",
					"@executable_path/../Frameworks",
				);
				MARKETING_VERSION = 0.0.21;
				PRODUCT_BUNDLE_IDENTIFIER = com.suqi.terminal;
				PRODUCT_NAME = suqi;
				SDKROOT = macosx;
			};
			name = Release;
		};
		B7BEC6A3A005CD2DC62516A4 /* Release */ = {
			isa = XCBuildConfiguration;
			buildSettings = {
				ALWAYS_SEARCH_USER_PATHS = NO;
				CLANG_ANALYZER_NONNULL = YES;
				CLANG_ANALYZER_NUMBER_OBJECT_CONVERSION = YES_AGGRESSIVE;
				CLANG_CXX_LANGUAGE_STANDARD = "gnu++14";
				CLANG_CXX_LIBRARY = "libc++";
				CLANG_ENABLE_MODULES = YES;
				CLANG_ENABLE_OBJC_ARC = YES;
				CLANG_ENABLE_OBJC_WEAK = YES;
				CLANG_WARN_BLOCK_CAPTURE_AUTORELEASING = YES;
				CLANG_WARN_BOOL_CONVERSION = YES;
				CLANG_WARN_COMMA = YES;
				CLANG_WARN_CONSTANT_CONVERSION = YES;
				CLANG_WARN_DEPRECATED_OBJC_IMPLEMENTATIONS = YES;
				CLANG_WARN_DIRECT_OBJC_ISA_USAGE = YES_ERROR;
				CLANG_WARN_DOCUMENTATION_COMMENTS = YES;
				CLANG_WARN_EMPTY_BODY = YES;
				CLANG_WARN_ENUM_CONVERSION = YES;
				CLANG_WARN_INFINITE_RECURSION = YES;
				CLANG_WARN_INT_CONVERSION = YES;
				CLANG_WARN_NON_LITERAL_NULL_CONVERSION = YES;
				CLANG_WARN_OBJC_IMPLICIT_RETAIN_SELF = YES;
				CLANG_WARN_OBJC_LITERAL_CONVERSION = YES;
				CLANG_WARN_OBJC_ROOT_CLASS = YES_ERROR;
				CLANG_WARN_QUOTED_INCLUDE_IN_FRAMEWORK_HEADER = YES;
				CLANG_WARN_RANGE_LOOP_ANALYSIS = YES;
				CLANG_WARN_STRICT_PROTOTYPES = YES;
				CLANG_WARN_SUSPICIOUS_MOVE = YES;
				CLANG_WARN_UNGUARDED_AVAILABILITY = YES_AGGRESSIVE;
				CLANG_WARN_UNREACHABLE_CODE = YES;
				CLANG_WARN__DUPLICATE_METHOD_MATCH = YES;
				CODE_SIGN_IDENTITY = "-";
				CODE_SIGN_STYLE = Manual;
				COPY_PHASE_STRIP = NO;
				DEBUG_INFORMATION_FORMAT = "dwarf-with-dsym";
				ENABLE_NS_ASSERTIONS = NO;
				ENABLE_STRICT_OBJC_MSGSEND = YES;
				GCC_C_LANGUAGE_STANDARD = gnu11;
				GCC_NO_COMMON_BLOCKS = YES;
				GCC_WARN_64_TO_32_BIT_CONVERSION = YES;
				GCC_WARN_ABOUT_RETURN_TYPE = YES_ERROR;
				GCC_WARN_UNDECLARED_SELECTOR = YES;
				GCC_WARN_UNINITIALIZED_AUTOS = YES_AGGRESSIVE;
				GCC_WARN_UNUSED_FUNCTION = YES;
				GCC_WARN_UNUSED_VARIABLE = YES;
				MACOSX_DEPLOYMENT_TARGET = 14.0;
				MTL_ENABLE_DEBUG_INFO = NO;
				MTL_FAST_MATH = YES;
				PRODUCT_NAME = "$(TARGET_NAME)";
				SDKROOT = macosx;
				SWIFT_COMPILATION_MODE = wholemodule;
				SWIFT_OPTIMIZATION_LEVEL = "-O";
				SWIFT_VERSION = 5.10;
			};
			name = Release;
		};
/* End XCBuildConfiguration section */

/* Begin XCConfigurationList section */
		2BCEAC93FE64109ABAE08909 /* Build configuration list for PBXNativeTarget "suqi" */ = {
			isa = XCConfigurationList;
			buildConfigurations = (
				12740733B1CF85C5D22C699C /* Debug */,
				388EA1DABD72E75B878F7FA7 /* Release */,
			);
			defaultConfigurationIsVisible = 0;
			defaultConfigurationName = Debug;
		};
		3557DED4C56448A9FD7595B8 /* Build configuration list for PBXProject "suqi" */ = {
			isa = XCConfigurationList;
			buildConfigurations = (
				13853E4D660077FB81051492 /* Debug */,
				B7BEC6A3A005CD2DC62516A4 /* Release */,
			);
			defaultConfigurationIsVisible = 0;
			defaultConfigurationName = Debug;
		};
/* End XCConfigurationList section */

/* Begin XCRemoteSwiftPackageReference section */
		A7953FB8CD68EF09DF42C307 /* XCRemoteSwiftPackageReference "libghostty-spm" */ = {
			isa = XCRemoteSwiftPackageReference;
			repositoryURL = "https://github.com/egoist-labs/libghostty-spm";
			requirement = {
				kind = upToNextMajorVersion;
				minimumVersion = 1.3.7;
			};
		};
/* End XCRemoteSwiftPackageReference section */

/* Begin XCSwiftPackageProductDependency section */
		026D1368FE29CC719D26D23A /* GhosttyTerminal */ = {
			isa = XCSwiftPackageProductDependency;
			package = A7953FB8CD68EF09DF42C307 /* XCRemoteSwiftPackageReference "libghostty-spm" */;
			productName = GhosttyTerminal;
		};
		D0A104A00C20DB3A2C495424 /* GhosttyTheme */ = {
			isa = XCSwiftPackageProductDependency;
			package = A7953FB8CD68EF09DF42C307 /* XCRemoteSwiftPackageReference "libghostty-spm" */;
			productName = GhosttyTheme;
		};
/* End XCSwiftPackageProductDependency section */
	};
	rootObject = 2228333B7664A7A07E8932C7 /* Project object */;
}
